<?xml version="1.0" encoding="utf-8"?>
<Project ToolsVersion="4.0" xmlns="http://schemas.microsoft.com/developer/msbuild/2003">
  <ItemGroup>
    <ClCompile Include="src\scripts\Score.cpp" />
    <ClCompile Include="src\pch.cpp" />
    <ClCompile Include="src\scripts\Bullet.cpp" />
    <ClCompile Include="src\scripts\CameraController.cpp" />
    <ClCompile Include="src\Game.cpp" />
    <ClCompile Include="src\scripts\SpaceShip.cpp" />
    <ClCompile Include="src\WinMain.cpp" />
    <ClCompile Include="src\scripts\Asteroid.cpp" />
    <ClCompile Include="src\ui\Button.cpp" />
    <ClCompile Include="src\scripts\AsteroidSpawner.cpp" />
  </ItemGroup>
  <ItemGroup>
    <ClInclude Include="src\scripts\Bullet.h" />
    <ClInclude Include="src\scripts\Score.h" />
    <ClInclude Include="src\scripts\CameraController.h" />
    <ClInclude Include="src\pch.h" />
    <ClInclude Include="src\scripts\Controller.h" />
    <ClInclude Include="src\Game.h" />
    <ClInclude Include="src\scripts\SpaceShip.h" />
    <ClInclude Include="src\scripts\Asteroid.h" />
    <ClInclude Include="src\scripts\Blaster\Blaster.h" />
    <ClInclude Include="src\scripts\Blaster\MachineGun.h" />
    <ClInclude Include="src\scripts\Blaster\Sniper.h" />
    <ClInclude Include="src\scripts\Blaster\Weapon.h" />
    <ClInclude Include="src\ui\Button.h" />
    <ClInclude Include="src\scripts\AsteroidSpawner.h" />
  </ItemGroup>
  <ItemGroup>
    <Image Include="..\..\..\..\Users\guill\Downloads\CubeMap\space-cubemap.dds" />
  </ItemGroup>
</Project>