<?xml version="1.0" encoding="utf-8"?>
<Project ToolsVersion="4.0" xmlns="http://schemas.microsoft.com/developer/msbuild/2003">
  <ItemGroup>
    <ClCompile Include="src\ecs\systems\PhysicsSystem.cpp" />
    <ClCompile Include="src\renderer\RenderContext.cpp" />
    <ClCompile Include="src\renderer\Renderer.cpp" />
    <ClCompile Include="src\core\DXHEngine.cpp" />
    <ClCompile Include="src\pch.cpp" />
    <ClCompile Include="src\core\Window.cpp" />
    <ClCompile Include="src\time\Timer.cpp" />
    <ClCompile Include="src\renderer\SwapChain.cpp" />
    <ClCompile Include="src\renderer\Shader.cpp" />
    <ClCompile Include="src\renderer\Geometry.cpp" />
    <ClCompile Include="src\renderer\RendererResource.cpp" />
    <ClCompile Include="src\inputs\InputManager.cpp" />
    <ClCompile Include="src\ecs\GameObject.cpp" />
    <ClCompile Include="src\ecs\System.cpp" />
    <ClCompile Include="src\maths\Vector3.cpp" />
    <ClCompile Include="src\maths\Matrix.cpp" />
    <ClCompile Include="src\maths\Vector2.cpp" />
    <ClCompile Include="src\ecs\systems\RenderSystem.cpp" />
    <ClCompile Include="src\ecs\systems\ScriptingSystem.cpp" />
    <ClCompile Include="src\ecs\components\Camera.cpp" />
    <ClCompile Include="src\ecs\systems\CameraSystem.cpp" />
    <ClCompile Include="src\renderer\Util.cpp" />
    <ClCompile Include="src\maths\Vector4.cpp" />
    <ClCompile Include="src\maths\Shorthands.cpp" />
    <ClCompile Include="vendor\DDSTextureLoader.cpp" />
  </ItemGroup>
  <ItemGroup>
    <ClInclude Include="DXHCore.h" />
    <ClInclude Include="src\renderer\Geometry.h" />
    <ClInclude Include="src\ecs\systems\PhysicsSystem.h" />
    <ClInclude Include="src\renderer\RenderContext.h" />
    <ClInclude Include="src\renderer\Renderer.h" />
    <ClInclude Include="src\core\Defines.h" />
    <ClInclude Include="src\core\DXHEngine.h" />
    <ClInclude Include="src\pch.h" />
    <ClInclude Include="src\core\Window.h" />
    <ClInclude Include="src\time\Timer.h" />
    <ClInclude Include="src\renderer\SwapChain.h" />
    <ClInclude Include="src\ecs\ComponentManager.h" />
    <ClInclude Include="src\ecs\components\Physics.h" />
    <ClInclude Include="src\ecs\components\Transform.h" />
    <ClInclude Include="src\ecs\GameObject.h" />
    <ClInclude Include="src\ecs\Component.h" />
    <ClInclude Include="src\ecs\System.h" />
    <ClInclude Include="src\ecs\components\Physics.h" />
    <ClInclude Include="src\renderer\Shader.h" />
    <ClInclude Include="src\renderer\ConstantBuffers.h" />
    <ClInclude Include="src\renderer\Util.h" />
    <ClInclude Include="src\ecs\components\Render.h" />
    <ClInclude Include="src\renderer\RendererResource.h" />
    <ClInclude Include="src\renderer\Material.h" />
    <ClInclude Include="src\inputs\InputManager.h" />
    <ClInclude Include="src\maths\Vector3.h" />
    <ClInclude Include="src\maths\Quaternion.h" />
    <ClInclude Include="src\maths\Matrix.h" />
    <ClInclude Include="DXHMaths.h" />
    <ClInclude Include="src\maths\Vector2.h" />
    <ClInclude Include="src\ecs\systems\RenderSystem.h" />
    <ClInclude Include="src\renderer\UploadBuffer.h" />
    <ClInclude Include="src\maths\Vector4.h" />
    <ClInclude Include="src\ecs\components\Script.h" />
    <ClInclude Include="src\ecs\systems\ScriptingSystem.h" />
    <ClInclude Include="DXHScripting.h" />
    <ClInclude Include="src\ecs\components\Camera.h" />
    <ClInclude Include="src\ecs\systems\CameraSystem.h" />
    <ClInclude Include="src\ecs\Event.h" />
    <ClInclude Include="src\ecs\components\scripts\StateMachine.h" />
    <ClInclude Include="src\ecs\components\scripts\BaseState.h" />
    <ClInclude Include="src\maths\Color.h" />
    <ClInclude Include="res\shaders\include\DXHRendering.h" />
    <ClInclude Include="DXHRendering.h" />
    <ClInclude Include="vendor\DDSTextureLoader.h" />
    <ClInclude Include="src\renderer\Texture.h" />
  </ItemGroup>
</Project>